
Microsoft Visual Studio Solution File, Format Version 12.00
# Visual Studio Version 17
VisualStudioVersion = 17.13.35931.197 d17.13
MinimumVisualStudioVersion = 10.0.40219.1
Project("{2150E333-8FDC-42A3-9474-1A3956D46DE8}") = "1. Apresentação", "1. Apresentação", "{02EA681E-C7D8-13C7-8484-4AC65E1B71E8}"
EndProject
Project("{2150E333-8FDC-42A3-9474-1A3956D46DE8}") = "2. Domínio", "2. Domínio", "{3AADDB6F-9A57-4A67-8862-7FA9FC7831EA}"
EndProject
Project("{2150E333-8FDC-42A3-9474-1A3956D46DE8}") = "3. Infraestrutura", "3. Infraestrutura", "{D2AA3D68-877B-40C1-9156-716E341DB39A}"
EndProject
Project("{FAE04EC0-301F-11D3-BF4B-00C04F79EFBC}") = "ControleDeBar.WebApp", "ControleDeBar.WebApp\ControleDeBar.WebApp.csproj", "{D703E61B-AACC-4F31-B606-B911EF9BDDDE}"
EndProject
Project("{FAE04EC0-301F-11D3-BF4B-00C04F79EFBC}") = "ControleDeBar.Dominio", "ControleDeBar.Dominio\ControleDeBar.Dominio.csproj", "{87665DC1-7DC1-4BBB-B7EB-B09E67A71BAC}"
EndProject
Project("{FAE04EC0-301F-11D3-BF4B-00C04F79EFBC}") = "ControleDeBar.Infraestrutura.Arquivos", "ControleDeBar.Infraestrutura.Arquivos\ControleDeBar.Infraestrutura.Arquivos.csproj", "{DD5060B9-1625-4262-A02C-1930BDAD960B}"
EndProject
Global
	GlobalSection(SolutionConfigurationPlatforms) = preSolution
		Debug|Any CPU = Debug|Any CPU
		Release|Any CPU = Release|Any CPU
	EndGlobalSection
	GlobalSection(ProjectConfigurationPlatforms) = postSolution
		{D703E61B-AACC-4F31-B606-B911EF9BDDDE}.Debug|Any CPU.ActiveCfg = Debug|Any CPU
		{D703E61B-AACC-4F31-B606-B911EF9BDDDE}.Debug|Any CPU.Build.0 = Debug|Any CPU
		{D703E61B-AACC-4F31-B606-B911EF9BDDDE}.Release|Any CPU.ActiveCfg = Release|Any CPU
		{D703E61B-AACC-4F31-B606-B911EF9BDDDE}.Release|Any CPU.Build.0 = Release|Any CPU
		{87665DC1-7DC1-4BBB-B7EB-B09E67A71BAC}.Debug|Any CPU.ActiveCfg = Debug|Any CPU
		{87665DC1-7DC1-4BBB-B7EB-B09E67A71BAC}.Debug|Any CPU.Build.0 = Debug|Any CPU
		{87665DC1-7DC1-4BBB-B7EB-B09E67A71BAC}.Release|Any CPU.ActiveCfg = Release|Any CPU
		{87665DC1-7DC1-4BBB-B7EB-B09E67A71BAC}.Release|Any CPU.Build.0 = Release|Any CPU
		{DD5060B9-1625-4262-A02C-1930BDAD960B}.Debug|Any CPU.ActiveCfg = Debug|Any CPU
		{DD5060B9-1625-4262-A02C-1930BDAD960B}.Debug|Any CPU.Build.0 = Debug|Any CPU
		{DD5060B9-1625-4262-A02C-1930BDAD960B}.Release|Any CPU.ActiveCfg = Release|Any CPU
		{DD5060B9-1625-4262-A02C-1930BDAD960B}.Release|Any CPU.Build.0 = Release|Any CPU
	EndGlobalSection
	GlobalSection(SolutionProperties) = preSolution
		HideSolutionNode = FALSE
	EndGlobalSection
	GlobalSection(NestedProjects) = preSolution
		{D703E61B-AACC-4F31-B606-B911EF9BDDDE} = {02EA681E-C7D8-13C7-8484-4AC65E1B71E8}
		{87665DC1-7DC1-4BBB-B7EB-B09E67A71BAC} = {3AADDB6F-9A57-4A67-8862-7FA9FC7831EA}
		{DD5060B9-1625-4262-A02C-1930BDAD960B} = {D2AA3D68-877B-40C1-9156-716E341DB39A}
	EndGlobalSection
	GlobalSection(ExtensibilityGlobals) = postSolution
		SolutionGuid = {8E5A7F53-5B5B-4AA2-8680-477FEB21A50A}
	EndGlobalSection
EndGlobal
